
Microsoft Visual Studio Solution File, Format Version 12.00
# Visual Studio Version 17
VisualStudioVersion = 17.11.35222.181
MinimumVisualStudioVersion = 10.0.40219.1
Project("{FAE04EC0-301F-11D3-BF4B-00C04F79EFBC}") = "Treads-1", "Treads-1\Treads-1.csproj", "{F6C2ACD3-AB75-4985-97A5-A73CD994F9BE}"
EndProject
Global
	GlobalSection(SolutionConfigurationPlatforms) = preSolution
		Debug|Any CPU = Debug|Any CPU
		Release|Any CPU = Release|Any CPU
	EndGlobalSection
	GlobalSection(ProjectConfigurationPlatforms) = postSolution
		{F6C2ACD3-AB75-4985-97A5-A73CD994F9BE}.Debug|Any CPU.ActiveCfg = Debug|Any CPU
		{F6C2ACD3-AB75-4985-97A5-A73CD994F9BE}.Debug|Any CPU.Build.0 = Debug|Any CPU
		{F6C2ACD3-AB75-4985-97A5-A73CD994F9BE}.Release|Any CPU.ActiveCfg = Release|Any CPU
		{F6C2ACD3-AB75-4985-97A5-A73CD994F9BE}.Release|Any CPU.Build.0 = Release|Any CPU
	EndGlobalSection
	GlobalSection(SolutionProperties) = preSolution
		HideSolutionNode = FALSE
	EndGlobalSection
	GlobalSection(ExtensibilityGlobals) = postSolution
		SolutionGuid = {60437FEC-6162-4D33-9A66-113E37D73A61}
	EndGlobalSection
EndGlobal
