
Microsoft Visual Studio Solution File, Format Version 12.00
# Visual Studio Version 17
VisualStudioVersion = 17.11.35222.181
MinimumVisualStudioVersion = 10.0.40219.1
Project("{FAE04EC0-301F-11D3-BF4B-00C04F79EFBC}") = "Threads-1", "Treads-1\Threads-1.csproj", "{F6C2ACD3-AB75-4985-97A5-A73CD994F9BE}"
EndProject
Project("{FAE04EC0-301F-11D3-BF4B-00C04F79EFBC}") = "Threads-2", "Threads-2\Threads-2.csproj", "{0FDCB672-46FC-42E3-8431-698ECCA6896C}"
EndProject
Project("{FAE04EC0-301F-11D3-BF4B-00C04F79EFBC}") = "Threads-3", "Thread-3\Threads-3.csproj", "{BED2D962-0E13-4252-A97E-01E7E399F00A}"
EndProject
Project("{FAE04EC0-301F-11D3-BF4B-00C04F79EFBC}") = "Threads-4", "Threads-4\Threads-4.csproj", "{B53A9145-37FE-4FE7-97D1-AFCD8DF81AD8}"
EndProject
Project("{FAE04EC0-301F-11D3-BF4B-00C04F79EFBC}") = "Threads-5", "Threads-5\Threads-5.csproj", "{989193E7-25A2-40E3-AFF6-62C70432F5AB}"
EndProject
Global
	GlobalSection(SolutionConfigurationPlatforms) = preSolution
		Debug|Any CPU = Debug|Any CPU
		Release|Any CPU = Release|Any CPU
	EndGlobalSection
	GlobalSection(ProjectConfigurationPlatforms) = postSolution
		{F6C2ACD3-AB75-4985-97A5-A73CD994F9BE}.Debug|Any CPU.ActiveCfg = Debug|Any CPU
		{F6C2ACD3-AB75-4985-97A5-A73CD994F9BE}.Debug|Any CPU.Build.0 = Debug|Any CPU
		{F6C2ACD3-AB75-4985-97A5-A73CD994F9BE}.Release|Any CPU.ActiveCfg = Release|Any CPU
		{F6C2ACD3-AB75-4985-97A5-A73CD994F9BE}.Release|Any CPU.Build.0 = Release|Any CPU
		{0FDCB672-46FC-42E3-8431-698ECCA6896C}.Debug|Any CPU.ActiveCfg = Debug|Any CPU
		{0FDCB672-46FC-42E3-8431-698ECCA6896C}.Debug|Any CPU.Build.0 = Debug|Any CPU
		{0FDCB672-46FC-42E3-8431-698ECCA6896C}.Release|Any CPU.ActiveCfg = Release|Any CPU
		{0FDCB672-46FC-42E3-8431-698ECCA6896C}.Release|Any CPU.Build.0 = Release|Any CPU
		{BED2D962-0E13-4252-A97E-01E7E399F00A}.Debug|Any CPU.ActiveCfg = Debug|Any CPU
		{BED2D962-0E13-4252-A97E-01E7E399F00A}.Debug|Any CPU.Build.0 = Debug|Any CPU
		{BED2D962-0E13-4252-A97E-01E7E399F00A}.Release|Any CPU.ActiveCfg = Release|Any CPU
		{BED2D962-0E13-4252-A97E-01E7E399F00A}.Release|Any CPU.Build.0 = Release|Any CPU
		{B53A9145-37FE-4FE7-97D1-AFCD8DF81AD8}.Debug|Any CPU.ActiveCfg = Debug|Any CPU
		{B53A9145-37FE-4FE7-97D1-AFCD8DF81AD8}.Debug|Any CPU.Build.0 = Debug|Any CPU
		{B53A9145-37FE-4FE7-97D1-AFCD8DF81AD8}.Release|Any CPU.ActiveCfg = Release|Any CPU
		{B53A9145-37FE-4FE7-97D1-AFCD8DF81AD8}.Release|Any CPU.Build.0 = Release|Any CPU
		{989193E7-25A2-40E3-AFF6-62C70432F5AB}.Debug|Any CPU.ActiveCfg = Debug|Any CPU
		{989193E7-25A2-40E3-AFF6-62C70432F5AB}.Debug|Any CPU.Build.0 = Debug|Any CPU
		{989193E7-25A2-40E3-AFF6-62C70432F5AB}.Release|Any CPU.ActiveCfg = Release|Any CPU
		{989193E7-25A2-40E3-AFF6-62C70432F5AB}.Release|Any CPU.Build.0 = Release|Any CPU
	EndGlobalSection
	GlobalSection(SolutionProperties) = preSolution
		HideSolutionNode = FALSE
	EndGlobalSection
	GlobalSection(ExtensibilityGlobals) = postSolution
		SolutionGuid = {60437FEC-6162-4D33-9A66-113E37D73A61}
	EndGlobalSection
EndGlobal
